// !$*UTF8*$!
{
	archiveVersion = 1;
	classes = {
	};
	objectVersion = 46;
	objects = {

/* Begin PBXBuildFile section */
		FB692B9B1CAE02910024CBA1 /* main.m in Sources */ = {isa = PBXBuildFile; fileRef = FB692B9A1CAE02910024CBA1 /* main.m */; };
		FB692B9E1CAE02910024CBA1 /* AppDelegate.m in Sources */ = {isa = PBXBuildFile; fileRef = FB692B9D1CAE02910024CBA1 /* AppDelegate.m */; };
		FB692BA11CAE02910024CBA1 /* ViewController.m in Sources */ = {isa = PBXBuildFile; fileRef = FB692BA01CAE02910024CBA1 /* ViewController.m */; };
		FB692BA41CAE02910024CBA1 /* Main.storyboard in Resources */ = {isa = PBXBuildFile; fileRef = FB692BA21CAE02910024CBA1 /* Main.storyboard */; };
		FB692BA61CAE02910024CBA1 /* Assets.xcassets in Resources */ = {isa = PBXBuildFile; fileRef = FB692BA51CAE02910024CBA1 /* Assets.xcassets */; };
		FB692BA91CAE02910024CBA1 /* LaunchScreen.storyboard in Resources */ = {isa = PBXBuildFile; fileRef = FB692BA71CAE02910024CBA1 /* LaunchScreen.storyboard */; };
		FB692BB41CAE02920024CBA1 /* GITDemoUITests.m in Sources */ = {isa = PBXBuildFile; fileRef = FB692BB31CAE02920024CBA1 /* GITDemoUITests.m */; };
/* End PBXBuildFile section */

/* Begin PBXContainerItemProxy section */
		FB692BB01CAE02920024CBA1 /* PBXContainerItemProxy */ = {
			isa = PBXContainerItemProxy;
			containerPortal = FB692B8E1CAE02910024CBA1 /* Project object */;
			proxyType = 1;
			remoteGlobalIDString = FB692B951CAE02910024CBA1;
			remoteInfo = GITDemo;
		};
/* End PBXContainerItemProxy section */

/* Begin PBXFileReference section */
		FB692B961CAE02910024CBA1 /* GITDemo.app */ = {isa = PBXFileReference; explicitFileType = wrapper.application; includeInIndex = 0; path = GITDemo.app; sourceTree = BUILT_PRODUCTS_DIR; };
		FB692B9A1CAE02910024CBA1 /* main.m */ = {isa = PBXFileReference; lastKnownFileType = sourcecode.c.objc; path = main.m; sourceTree = "<group>"; };
		FB692B9C1CAE02910024CBA1 /* AppDelegate.h */ = {isa = PBXFileReference; lastKnownFileType = sourcecode.c.h; path = AppDelegate.h; sourceTree = "<group>"; };
		FB692B9D1CAE02910024CBA1 /* AppDelegate.m */ = {isa = PBXFileReference; lastKnownFileType = sourcecode.c.objc; path = AppDelegate.m; sourceTree = "<group>"; };
		FB692B9F1CAE02910024CBA1 /* ViewController.h */ = {isa = PBXFileReference; lastKnownFileType = sourcecode.c.h; path = ViewController.h; sourceTree = "<group>"; };
		FB692BA01CAE02910024CBA1 /* ViewController.m */ = {isa = PBXFileReference; lastKnownFileType = sourcecode.c.objc; path = ViewController.m; sourceTree = "<group>"; };
		FB692BA31CAE02910024CBA1 /* Base */ = {isa = PBXFileReference; lastKnownFileType = file.storyboard; name = Base; path = Base.lproj/Main.storyboard; sourceTree = "<group>"; };
		FB692BA51CAE02910024CBA1 /* Assets.xcassets */ = {isa = PBXFileReference; lastKnownFileType = folder.assetcatalog; path = Assets.xcassets; sourceTree = "<group>"; };
		FB692BA81CAE02910024CBA1 /* Base */ = {isa = PBXFileReference; lastKnownFileType = file.storyboard; name = Base; path = Base.lproj/LaunchScreen.storyboard; sourceTree = "<group>"; };
		FB692BAA1CAE02910024CBA1 /* Info.plist */ = {isa = PBXFileReference; lastKnownFileType = text.plist.xml; path = Info.plist; sourceTree = "<group>"; };
		FB692BAF1CAE02920024CBA1 /* GITDemoUITests.xctest */ = {isa = PBXFileReference; explicitFileType = wrapper.cfbundle; includeInIndex = 0; path = GITDemoUITests.xctest; sourceTree = BUILT_PRODUCTS_DIR; };
		FB692BB31CAE02920024CBA1 /* GITDemoUITests.m */ = {isa = PBXFileReference; lastKnownFileType = sourcecode.c.objc; path = GITDemoUITests.m; sourceTree = "<group>"; };
		FB692BB51CAE02920024CBA1 /* Info.plist */ = {isa = PBXFileReference; lastKnownFileType = text.plist.xml; path = Info.plist; sourceTree = "<group>"; };
/* End PBXFileReference section */

/* Begin PBXFrameworksBuildPhase section */
		FB692B931CAE02910024CBA1 /* Frameworks */ = {
			isa = PBXFrameworksBuildPhase;
			buildActionMask = 2147483647;
			files = (
			);
			runOnlyForDeploymentPostprocessing = 0;
		};
		FB692BAC1CAE02920024CBA1 /* Frameworks */ = {
			isa = PBXFrameworksBuildPhase;
			buildActionMask = 2147483647;
			files = (
			);
			runOnlyForDeploymentPostprocessing = 0;
		};
/* End PBXFrameworksBuildPhase section */

/* Begin PBXGroup section */
		FB692B8D1CAE02910024CBA1 = {
			isa = PBXGroup;
			children = (
				FB692B981CAE02910024CBA1 /* GITDemo */,
				FB692BB21CAE02920024CBA1 /* GITDemoUITests */,
				FB692B971CAE02910024CBA1 /* Products */,
			);
			sourceTree = "<group>";
		};
		FB692B971CAE02910024CBA1 /* Products */ = {
			isa = PBXGroup;
			children = (
				FB692B961CAE02910024CBA1 /* GITDemo.app */,
				FB692BAF1CAE02920024CBA1 /* GITDemoUITests.xctest */,
			);
			name = Products;
			sourceTree = "<group>";
		};
		FB692B981CAE02910024CBA1 /* GITDemo */ = {
			isa = PBXGroup;
			children = (
				FB692B9C1CAE02910024CBA1 /* AppDelegate.h */,
				FB692B9D1CAE02910024CBA1 /* AppDelegate.m */,
				FB692B9F1CAE02910024CBA1 /* ViewController.h */,
				FB692BA01CAE02910024CBA1 /* ViewController.m */,
				FB692BA21CAE02910024CBA1 /* Main.storyboard */,
				FB692BA51CAE02910024CBA1 /* Assets.xcassets */,
				FB692BA71CAE02910024CBA1 /* LaunchScreen.storyboard */,
				FB692BAA1CAE02910024CBA1 /* Info.plist */,
				FB692B991CAE02910024CBA1 /* Supporting Files */,
			);
			path = GITDemo;
			sourceTree = "<group>";
		};
		FB692B991CAE02910024CBA1 /* Supporting Files */ = {
			isa = PBXGroup;
			children = (
				FB692B9A1CAE02910024CBA1 /* main.m */,
			);
			name = "Supporting Files";
			sourceTree = "<group>";
		};
		FB692BB21CAE02920024CBA1 /* GITDemoUITests */ = {
			isa = PBXGroup;
			children = (
				FB692BB31CAE02920024CBA1 /* GITDemoUITests.m */,
				FB692BB51CAE02920024CBA1 /* Info.plist */,
			);
			path = GITDemoUITests;
			sourceTree = "<group>";
		};
/* End PBXGroup section */

/* Begin PBXNativeTarget section */
		FB692B951CAE02910024CBA1 /* GITDemo */ = {
			isa = PBXNativeTarget;
			buildConfigurationList = FB692BB81CAE02920024CBA1 /* Build configuration list for PBXNativeTarget "GITDemo" */;
			buildPhases = (
				FB692B921CAE02910024CBA1 /* Sources */,
				FB692B931CAE02910024CBA1 /* Frameworks */,
				FB692B941CAE02910024CBA1 /* Resources */,
			);
			buildRules = (
			);
			dependencies = (
			);
			name = GITDemo;
			productName = GITDemo;
			productReference = FB692B961CAE02910024CBA1 /* GITDemo.app */;
			productType = "com.apple.product-type.application";
		};
		FB692BAE1CAE02920024CBA1 /* GITDemoUITests */ = {
			isa = PBXNativeTarget;
			buildConfigurationList = FB692BBB1CAE02920024CBA1 /* Build configuration list for PBXNativeTarget "GITDemoUITests" */;
			buildPhases = (
				FB692BAB1CAE02920024CBA1 /* Sources */,
				FB692BAC1CAE02920024CBA1 /* Frameworks */,
				FB692BAD1CAE02920024CBA1 /* Resources */,
			);
			buildRules = (
			);
			dependencies = (
				FB692BB11CAE02920024CBA1 /* PBXTargetDependency */,
			);
			name = GITDemoUITests;
			productName = GITDemoUITests;
			productReference = FB692BAF1CAE02920024CBA1 /* GITDemoUITests.xctest */;
			productType = "com.apple.product-type.bundle.ui-testing";
		};
/* End PBXNativeTarget section */

/* Begin PBXProject section */
		FB692B8E1CAE02910024CBA1 /* Project object */ = {
			isa = PBXProject;
			attributes = {
				LastUpgradeCheck = 0720;
				ORGANIZATIONNAME = jereh;
				TargetAttributes = {
					FB692B951CAE02910024CBA1 = {
						CreatedOnToolsVersion = 7.2.1;
						DevelopmentTeam = ZN36EGX4HS;
					};
					FB692BAE1CAE02920024CBA1 = {
						CreatedOnToolsVersion = 7.2.1;
						DevelopmentTeam = ZN36EGX4HS;
						TestTargetID = FB692B951CAE02910024CBA1;
					};
				};
			};
			buildConfigurationList = FB692B911CAE02910024CBA1 /* Build configuration list for PBXProject "GITDemo" */;
			compatibilityVersion = "Xcode 3.2";
			developmentRegion = English;
			hasScannedForEncodings = 0;
			knownRegions = (
				en,
				Base,
			);
			mainGroup = FB692B8D1CAE02910024CBA1;
			productRefGroup = FB692B971CAE02910024CBA1 /* Products */;
			projectDirPath = "";
			projectRoot = "";
			targets = (
				FB692B951CAE02910024CBA1 /* GITDemo */,
				FB692BAE1CAE02920024CBA1 /* GITDemoUITests */,
			);
		};
/* End PBXProject section */

/* Begin PBXResourcesBuildPhase section */
		FB692B941CAE02910024CBA1 /* Resources */ = {
			isa = PBXResourcesBuildPhase;
			buildActionMask = 2147483647;
			files = (
				FB692BA91CAE02910024CBA1 /* LaunchScreen.storyboard in Resources */,
				FB692BA61CAE02910024CBA1 /* Assets.xcassets in Resources */,
				FB692BA41CAE02910024CBA1 /* Main.storyboard in Resources */,
			);
			runOnlyForDeploymentPostprocessing = 0;
		};
		FB692BAD1CAE02920024CBA1 /* Resources */ = {
			isa = PBXResourcesBuildPhase;
			buildActionMask = 2147483647;
			files = (
			);
			runOnlyForDeploymentPostprocessing = 0;
		};
/* End PBXResourcesBuildPhase section */

/* Begin PBXSourcesBuildPhase section */
		FB692B921CAE02910024CBA1 /* Sources */ = {
			isa = PBXSourcesBuildPhase;
			buildActionMask = 2147483647;
			files = (
				FB692BA11CAE02910024CBA1 /* ViewController.m in Sources */,
				FB692B9E1CAE02910024CBA1 /* AppDelegate.m in Sources */,
				FB692B9B1CAE02910024CBA1 /* main.m in Sources */,
			);
			runOnlyForDeploymentPostprocessing = 0;
		};
		FB692BAB1CAE02920024CBA1 /* Sources */ = {
			isa = PBXSourcesBuildPhase;
			buildActionMask = 2147483647;
			files = (
				FB692BB41CAE02920024CBA1 /* GITDemoUITests.m in Sources */,
			);
			runOnlyForDeploymentPostprocessing = 0;
		};
/* End PBXSourcesBuildPhase section */

/* Begin PBXTargetDependency section */
		FB692BB11CAE02920024CBA1 /* PBXTargetDependency */ = {
			isa = PBXTargetDependency;
			target = FB692B951CAE02910024CBA1 /* GITDemo */;
			targetProxy = FB692BB01CAE02920024CBA1 /* PBXContainerItemProxy */;
		};
/* End PBXTargetDependency section */

/* Begin PBXVariantGroup section */
		FB692BA21CAE02910024CBA1 /* Main.storyboard */ = {
			isa = PBXVariantGroup;
			children = (
				FB692BA31CAE02910024CBA1 /* Base */,
			);
			name = Main.storyboard;
			sourceTree = "<group>";
		};
		FB692BA71CAE02910024CBA1 /* LaunchScreen.storyboard */ = {
			isa = PBXVariantGroup;
			children = (
				FB692BA81CAE02910024CBA1 /* Base */,
			);
			name = LaunchScreen.storyboard;
			sourceTree = "<group>";
		};
/* End PBXVariantGroup section */

/* Begin XCBuildConfiguration section */
		FB692BB61CAE02920024CBA1 /* Debug */ = {
			isa = XCBuildConfiguration;
			buildSettings = {
				ALWAYS_SEARCH_USER_PATHS = NO;
				CLANG_CXX_LANGUAGE_STANDARD = "gnu++0x";
				CLANG_CXX_LIBRARY = "libc++";
				CLANG_ENABLE_MODULES = YES;
				CLANG_ENABLE_OBJC_ARC = YES;
				CLANG_WARN_BOOL_CONVERSION = YES;
				CLANG_WARN_CONSTANT_CONVERSION = YES;
				CLANG_WARN_DIRECT_OBJC_ISA_USAGE = YES_ERROR;
				CLANG_WARN_EMPTY_BODY = YES;
				CLANG_WARN_ENUM_CONVERSION = YES;
				CLANG_WARN_INT_CONVERSION = YES;
				CLANG_WARN_OBJC_ROOT_CLASS = YES_ERROR;
				CLANG_WARN_UNREACHABLE_CODE = YES;
				CLANG_WARN__DUPLICATE_METHOD_MATCH = YES;
				"CODE_SIGN_IDENTITY[sdk=iphoneos*]" = "iPhone Developer";
				COPY_PHASE_STRIP = NO;
				DEBUG_INFORMATION_FORMAT = dwarf;
				ENABLE_STRICT_OBJC_MSGSEND = YES;
				ENABLE_TESTABILITY = YES;
				GCC_C_LANGUAGE_STANDARD = gnu99;
				GCC_DYNAMIC_NO_PIC = NO;
				GCC_NO_COMMON_BLOCKS = YES;
				GCC_OPTIMIZATION_LEVEL = 0;
				GCC_PREPROCESSOR_DEFINITIONS = (
					"DEBUG=1",
					"$(inherited)",
				);
				GCC_WARN_64_TO_32_BIT_CONVERSION = YES;
				GCC_WARN_ABOUT_RETURN_TYPE = YES_ERROR;
				GCC_WARN_UNDECLARED_SELECTOR = YES;
				GCC_WARN_UNINITIALIZED_AUTOS = YES_AGGRESSIVE;
				GCC_WARN_UNUSED_FUNCTION = YES;
				GCC_WARN_UNUSED_VARIABLE = YES;
				IPHONEOS_DEPLOYMENT_TARGET = 9.2;
				MTL_ENABLE_DEBUG_INFO = YES;
				ONLY_ACTIVE_ARCH = YES;
				SDKROOT = iphoneos;
			};
			name = Debug;
		};
		FB692BB71CAE02920024CBA1 /* Release */ = {
			isa = XCBuildConfiguration;
			buildSettings = {
				ALWAYS_SEARCH_USER_PATHS = NO;
				CLANG_CXX_LANGUAGE_STANDARD = "gnu++0x";
				CLANG_CXX_LIBRARY = "libc++";
				CLANG_ENABLE_MODULES = YES;
				CLANG_ENABLE_OBJC_ARC = YES;
				CLANG_WARN_BOOL_CONVERSION = YES;
				CLANG_WARN_CONSTANT_CONVERSION = YES;
				CLANG_WARN_DIRECT_OBJC_ISA_USAGE = YES_ERROR;
				CLANG_WARN_EMPTY_BODY = YES;
				CLANG_WARN_ENUM_CONVERSION = YES;
				CLANG_WARN_INT_CONVERSION = YES;
				CLANG_WARN_OBJC_ROOT_CLASS = YES_ERROR;
				CLANG_WARN_UNREACHABLE_CODE = YES;
				CLANG_WARN__DUPLICATE_METHOD_MATCH = YES;
				"CODE_SIGN_IDENTITY[sdk=iphoneos*]" = "iPhone Developer";
				COPY_PHASE_STRIP = NO;
				DEBUG_INFORMATION_FORMAT = "dwarf-with-dsym";
				ENABLE_NS_ASSERTIONS = NO;
				ENABLE_STRICT_OBJC_MSGSEND = YES;
				GCC_C_LANGUAGE_STANDARD = gnu99;
				GCC_NO_COMMON_BLOCKS = YES;
				GCC_WARN_64_TO_32_BIT_CONVERSION = YES;
				GCC_WARN_ABOUT_RETURN_TYPE = YES_ERROR;
				GCC_WARN_UNDECLARED_SELECTOR = YES;
				GCC_WARN_UNINITIALIZED_AUTOS = YES_AGGRESSIVE;
				GCC_WARN_UNUSED_FUNCTION = YES;
				GCC_WARN_UNUSED_VARIABLE = YES;
				IPHONEOS_DEPLOYMENT_TARGET = 9.2;
				MTL_ENABLE_DEBUG_INFO = NO;
				SDKROOT = iphoneos;
				VALIDATE_PRODUCT = YES;
			};
			name = Release;
		};
		FB692BB91CAE02920024CBA1 /* Debug */ = {
			isa = XCBuildConfiguration;
			buildSettings = {
				ASSETCATALOG_COMPILER_APPICON_NAME = AppIcon;
				INFOPLIST_FILE = GITDemo/Info.plist;
				LD_RUNPATH_SEARCH_PATHS = "$(inherited) @executable_path/Frameworks";
				PRODUCT_BUNDLE_IDENTIFIER = com.jereh.GITDemo;
				PRODUCT_NAME = "$(TARGET_NAME)";
			};
			name = Debug;
		};
		FB692BBA1CAE02920024CBA1 /* Release */ = {
			isa = XCBuildConfiguration;
			buildSettings = {
				ASSETCATALOG_COMPILER_APPICON_NAME = AppIcon;
				INFOPLIST_FILE = GITDemo/Info.plist;
				LD_RUNPATH_SEARCH_PATHS = "$(inherited) @executable_path/Frameworks";
				PRODUCT_BUNDLE_IDENTIFIER = com.jereh.GITDemo;
				PRODUCT_NAME = "$(TARGET_NAME)";
			};
			name = Release;
		};
		FB692BBC1CAE02920024CBA1 /* Debug */ = {
			isa = XCBuildConfiguration;
			buildSettings = {
				INFOPLIST_FILE = GITDemoUITests/Info.plist;
				LD_RUNPATH_SEARCH_PATHS = "$(inherited) @executable_path/Frameworks @loader_path/Frameworks";
				PRODUCT_BUNDLE_IDENTIFIER = com.jereh.GITDemoUITests;
				PRODUCT_NAME = "$(TARGET_NAME)";
				TEST_TARGET_NAME = GITDemo;
				USES_XCTRUNNER = YES;
			};
			name = Debug;
		};
		FB692BBD1CAE02920024CBA1 /* Release */ = {
			isa = XCBuildConfiguration;
			buildSettings = {
				INFOPLIST_FILE = GITDemoUITests/Info.plist;
				LD_RUNPATH_SEARCH_PATHS = "$(inherited) @executable_path/Frameworks @loader_path/Frameworks";
				PRODUCT_BUNDLE_IDENTIFIER = com.jereh.GITDemoUITests;
				PRODUCT_NAME = "$(TARGET_NAME)";
				TEST_TARGET_NAME = GITDemo;
				USES_XCTRUNNER = YES;
			};
			name = Release;
		};
/* End XCBuildConfiguration section */

/* Begin XCConfigurationList section */
		FB692B911CAE02910024CBA1 /* Build configuration list for PBXProject "GITDemo" */ = {
			isa = XCConfigurationList;
			buildConfigurations = (
				FB692BB61CAE02920024CBA1 /* Debug */,
				FB692BB71CAE02920024CBA1 /* Release */,
			);
			defaultConfigurationIsVisible = 0;
			defaultConfigurationName = Release;
		};
		FB692BB81CAE02920024CBA1 /* Build configuration list for PBXNativeTarget "GITDemo" */ = {
			isa = XCConfigurationList;
			buildConfigurations = (
				FB692BB91CAE02920024CBA1 /* Debug */,
				FB692BBA1CAE02920024CBA1 /* Release */,
			);
			defaultConfigurationIsVisible = 0;
		};
		FB692BBB1CAE02920024CBA1 /* Build configuration list for PBXNativeTarget "GITDemoUITests" */ = {
			isa = XCConfigurationList;
			buildConfigurations = (
				FB692BBC1CAE02920024CBA1 /* Debug */,
				FB692BBD1CAE02920024CBA1 /* Release */,
			);
			defaultConfigurationIsVisible = 0;
		};
/* End XCConfigurationList section */
	};
	rootObject = FB692B8E1CAE02910024CBA1 /* Project object */;
}
